// !$*UTF8*$!
{
	archiveVersion = 1;
	classes = {
	};
	objectVersion = 48;
	objects = {

/* Begin PBXBuildFile section */
		F4475B981FC6F88F0065D701 /* AppDelegate.swift in Sources */ = {isa = PBXBuildFile; fileRef = F4475B971FC6F88F0065D701 /* AppDelegate.swift */; };
		F4475B9A1FC6F88F0065D701 /* ViewController.swift in Sources */ = {isa = PBXBuildFile; fileRef = F4475B991FC6F88F0065D701 /* ViewController.swift */; };
		F4475B9D1FC6F88F0065D701 /* Main.storyboard in Resources */ = {isa = PBXBuildFile; fileRef = F4475B9B1FC6F88F0065D701 /* Main.storyboard */; };
		F4475B9F1FC6F88F0065D701 /* Assets.xcassets in Resources */ = {isa = PBXBuildFile; fileRef = F4475B9E1FC6F88F0065D701 /* Assets.xcassets */; };
		F4475BA21FC6F88F0065D701 /* LaunchScreen.storyboard in Resources */ = {isa = PBXBuildFile; fileRef = F4475BA01FC6F88F0065D701 /* LaunchScreen.storyboard */; };
		F4475C221FC6FB290065D701 /* Module1.framework in Frameworks */ = {isa = PBXBuildFile; fileRef = F4475C211FC6FAF20065D701 /* Module1.framework */; };
		F4475C231FC6FB290065D701 /* Module1.framework in Embed Frameworks */ = {isa = PBXBuildFile; fileRef = F4475C211FC6FAF20065D701 /* Module1.framework */; settings = {ATTRIBUTES = (CodeSignOnCopy, RemoveHeadersOnCopy, ); }; };
		F4475C261FC6FB290065D701 /* Module2.framework in Frameworks */ = {isa = PBXBuildFile; fileRef = F4475C1B1FC6FAE70065D701 /* Module2.framework */; };
		F4475C271FC6FB290065D701 /* Module2.framework in Embed Frameworks */ = {isa = PBXBuildFile; fileRef = F4475C1B1FC6FAE70065D701 /* Module2.framework */; settings = {ATTRIBUTES = (CodeSignOnCopy, RemoveHeadersOnCopy, ); }; };
/* End PBXBuildFile section */

/* Begin PBXContainerItemProxy section */
		F4475C1A1FC6FAE70065D701 /* PBXContainerItemProxy */ = {
			isa = PBXContainerItemProxy;
			containerPortal = F4475C161FC6FAE70065D701 /* Module2.xcodeproj */;
			proxyType = 2;
			remoteGlobalIDString = F4475C0B1FC6FADE0065D701;
			remoteInfo = Module2;
		};
		F4475C201FC6FAF20065D701 /* PBXContainerItemProxy */ = {
			isa = PBXContainerItemProxy;
			containerPortal = F4475C1C1FC6FAF20065D701 /* Module1.xcodeproj */;
			proxyType = 2;
			remoteGlobalIDString = F4475BF61FC6FACB0065D701;
			remoteInfo = Module1;
		};
		F4475C241FC6FB290065D701 /* PBXContainerItemProxy */ = {
			isa = PBXContainerItemProxy;
			containerPortal = F4475C1C1FC6FAF20065D701 /* Module1.xcodeproj */;
			proxyType = 1;
			remoteGlobalIDString = F4475BF51FC6FACB0065D701;
			remoteInfo = Module1;
		};
		F4475C281FC6FB290065D701 /* PBXContainerItemProxy */ = {
			isa = PBXContainerItemProxy;
			containerPortal = F4475C161FC6FAE70065D701 /* Module2.xcodeproj */;
			proxyType = 1;
			remoteGlobalIDString = F4475C0A1FC6FADE0065D701;
			remoteInfo = Module2;
		};
/* End PBXContainerItemProxy section */

/* Begin PBXCopyFilesBuildPhase section */
		F4475C2A1FC6FB290065D701 /* Embed Frameworks */ = {
			isa = PBXCopyFilesBuildPhase;
			buildActionMask = 2147483647;
			dstPath = "";
			dstSubfolderSpec = 10;
			files = (
				F4475C231FC6FB290065D701 /* Module1.framework in Embed Frameworks */,
				F4475C271FC6FB290065D701 /* Module2.framework in Embed Frameworks */,
			);
			name = "Embed Frameworks";
			runOnlyForDeploymentPostprocessing = 0;
		};
/* End PBXCopyFilesBuildPhase section */

/* Begin PBXFileReference section */
		F4475B941FC6F88F0065D701 /* AccessControlApp.app */ = {isa = PBXFileReference; explicitFileType = wrapper.application; includeInIndex = 0; path = AccessControlApp.app; sourceTree = BUILT_PRODUCTS_DIR; };
		F4475B971FC6F88F0065D701 /* AppDelegate.swift */ = {isa = PBXFileReference; lastKnownFileType = sourcecode.swift; path = AppDelegate.swift; sourceTree = "<group>"; };
		F4475B991FC6F88F0065D701 /* ViewController.swift */ = {isa = PBXFileReference; lastKnownFileType = sourcecode.swift; path = ViewController.swift; sourceTree = "<group>"; };
		F4475B9C1FC6F88F0065D701 /* Base */ = {isa = PBXFileReference; lastKnownFileType = file.storyboard; name = Base; path = Base.lproj/Main.storyboard; sourceTree = "<group>"; };
		F4475B9E1FC6F88F0065D701 /* Assets.xcassets */ = {isa = PBXFileReference; lastKnownFileType = folder.assetcatalog; path = Assets.xcassets; sourceTree = "<group>"; };
		F4475BA11FC6F88F0065D701 /* Base */ = {isa = PBXFileReference; lastKnownFileType = file.storyboard; name = Base; path = Base.lproj/LaunchScreen.storyboard; sourceTree = "<group>"; };
		F4475BA31FC6F88F0065D701 /* Info.plist */ = {isa = PBXFileReference; lastKnownFileType = text.plist.xml; path = Info.plist; sourceTree = "<group>"; };
		F4475C161FC6FAE70065D701 /* Module2.xcodeproj */ = {isa = PBXFileReference; lastKnownFileType = "wrapper.pb-project"; name = Module2.xcodeproj; path = Module2/Module2.xcodeproj; sourceTree = "<group>"; };
		F4475C1C1FC6FAF20065D701 /* Module1.xcodeproj */ = {isa = PBXFileReference; lastKnownFileType = "wrapper.pb-project"; name = Module1.xcodeproj; path = Module1/Module1.xcodeproj; sourceTree = "<group>"; };
/* End PBXFileReference section */

/* Begin PBXFrameworksBuildPhase section */
		F4475B911FC6F88F0065D701 /* Frameworks */ = {
			isa = PBXFrameworksBuildPhase;
			buildActionMask = 2147483647;
			files = (
				F4475C221FC6FB290065D701 /* Module1.framework in Frameworks */,
				F4475C261FC6FB290065D701 /* Module2.framework in Frameworks */,
			);
			runOnlyForDeploymentPostprocessing = 0;
		};
/* End PBXFrameworksBuildPhase section */

/* Begin PBXGroup section */
		F4475B8B1FC6F88F0065D701 = {
			isa = PBXGroup;
			children = (
				F4475C1C1FC6FAF20065D701 /* Module1.xcodeproj */,
				F4475C161FC6FAE70065D701 /* Module2.xcodeproj */,
				F4475B961FC6F88F0065D701 /* AccessControlApp */,
				F4475B951FC6F88F0065D701 /* Products */,
				F4475BE51FC6FA4E0065D701 /* Frameworks */,
			);
			sourceTree = "<group>";
		};
		F4475B951FC6F88F0065D701 /* Products */ = {
			isa = PBXGroup;
			children = (
				F4475B941FC6F88F0065D701 /* AccessControlApp.app */,
			);
			name = Products;
			sourceTree = "<group>";
		};
		F4475B961FC6F88F0065D701 /* AccessControlApp */ = {
			isa = PBXGroup;
			children = (
				F4475B971FC6F88F0065D701 /* AppDelegate.swift */,
				F4475B991FC6F88F0065D701 /* ViewController.swift */,
				F4475B9B1FC6F88F0065D701 /* Main.storyboard */,
				F4475B9E1FC6F88F0065D701 /* Assets.xcassets */,
				F4475BA01FC6F88F0065D701 /* LaunchScreen.storyboard */,
				F4475BA31FC6F88F0065D701 /* Info.plist */,
			);
			path = AccessControlApp;
			sourceTree = "<group>";
		};
		F4475BE51FC6FA4E0065D701 /* Frameworks */ = {
			isa = PBXGroup;
			children = (
			);
			name = Frameworks;
			sourceTree = "<group>";
		};
		F4475C171FC6FAE70065D701 /* Products */ = {
			isa = PBXGroup;
			children = (
				F4475C1B1FC6FAE70065D701 /* Module2.framework */,
			);
			name = Products;
			sourceTree = "<group>";
		};
		F4475C1D1FC6FAF20065D701 /* Products */ = {
			isa = PBXGroup;
			children = (
				F4475C211FC6FAF20065D701 /* Module1.framework */,
			);
			name = Products;
			sourceTree = "<group>";
		};
/* End PBXGroup section */

/* Begin PBXNativeTarget section */
		F4475B931FC6F88F0065D701 /* AccessControlApp */ = {
			isa = PBXNativeTarget;
			buildConfigurationList = F4475BA61FC6F88F0065D701 /* Build configuration list for PBXNativeTarget "AccessControlApp" */;
			buildPhases = (
				F4475B901FC6F88F0065D701 /* Sources */,
				F4475B911FC6F88F0065D701 /* Frameworks */,
				F4475B921FC6F88F0065D701 /* Resources */,
				F4475C2A1FC6FB290065D701 /* Embed Frameworks */,
			);
			buildRules = (
			);
			dependencies = (
				F4475C251FC6FB290065D701 /* PBXTargetDependency */,
				F4475C291FC6FB290065D701 /* PBXTargetDependency */,
			);
			name = AccessControlApp;
			productName = AccessControlApp;
			productReference = F4475B941FC6F88F0065D701 /* AccessControlApp.app */;
			productType = "com.apple.product-type.application";
		};
/* End PBXNativeTarget section */

/* Begin PBXProject section */
		F4475B8C1FC6F88F0065D701 /* Project object */ = {
			isa = PBXProject;
			attributes = {
				LastSwiftUpdateCheck = 0900;
				LastUpgradeCheck = 0900;
				ORGANIZATIONNAME = Gaurav;
				TargetAttributes = {
					F4475B931FC6F88F0065D701 = {
						CreatedOnToolsVersion = 9.0;
						ProvisioningStyle = Automatic;
					};
				};
			};
			buildConfigurationList = F4475B8F1FC6F88F0065D701 /* Build configuration list for PBXProject "AccessControlApp" */;
			compatibilityVersion = "Xcode 8.0";
			developmentRegion = en;
			hasScannedForEncodings = 0;
			knownRegions = (
				en,
				Base,
			);
			mainGroup = F4475B8B1FC6F88F0065D701;
			productRefGroup = F4475B951FC6F88F0065D701 /* Products */;
			projectDirPath = "";
			projectReferences = (
				{
					ProductGroup = F4475C1D1FC6FAF20065D701 /* Products */;
					ProjectRef = F4475C1C1FC6FAF20065D701 /* Module1.xcodeproj */;
				},
				{
					ProductGroup = F4475C171FC6FAE70065D701 /* Products */;
					ProjectRef = F4475C161FC6FAE70065D701 /* Module2.xcodeproj */;
				},
			);
			projectRoot = "";
			targets = (
				F4475B931FC6F88F0065D701 /* AccessControlApp */,
			);
		};
/* End PBXProject section */

/* Begin PBXReferenceProxy section */
		F4475C1B1FC6FAE70065D701 /* Module2.framework */ = {
			isa = PBXReferenceProxy;
			fileType = wrapper.framework;
			path = Module2.framework;
			remoteRef = F4475C1A1FC6FAE70065D701 /* PBXContainerItemProxy */;
			sourceTree = BUILT_PRODUCTS_DIR;
		};
		F4475C211FC6FAF20065D701 /* Module1.framework */ = {
			isa = PBXReferenceProxy;
			fileType = wrapper.framework;
			path = Module1.framework;
			remoteRef = F4475C201FC6FAF20065D701 /* PBXContainerItemProxy */;
			sourceTree = BUILT_PRODUCTS_DIR;
		};
/* End PBXReferenceProxy section */

/* Begin PBXResourcesBuildPhase section */
		F4475B921FC6F88F0065D701 /* Resources */ = {
			isa = PBXResourcesBuildPhase;
			buildActionMask = 2147483647;
			files = (
				F4475BA21FC6F88F0065D701 /* LaunchScreen.storyboard in Resources */,
				F4475B9F1FC6F88F0065D701 /* Assets.xcassets in Resources */,
				F4475B9D1FC6F88F0065D701 /* Main.storyboard in Resources */,
			);
			runOnlyForDeploymentPostprocessing = 0;
		};
/* End PBXResourcesBuildPhase section */

/* Begin PBXSourcesBuildPhase section */
		F4475B901FC6F88F0065D701 /* Sources */ = {
			isa = PBXSourcesBuildPhase;
			buildActionMask = 2147483647;
			files = (
				F4475B9A1FC6F88F0065D701 /* ViewController.swift in Sources */,
				F4475B981FC6F88F0065D701 /* AppDelegate.swift in Sources */,
			);
			runOnlyForDeploymentPostprocessing = 0;
		};
/* End PBXSourcesBuildPhase section */

/* Begin PBXTargetDependency section */
		F4475C251FC6FB290065D701 /* PBXTargetDependency */ = {
			isa = PBXTargetDependency;
			name = Module1;
			targetProxy = F4475C241FC6FB290065D701 /* PBXContainerItemProxy */;
		};
		F4475C291FC6FB290065D701 /* PBXTargetDependency */ = {
			isa = PBXTargetDependency;
			name = Module2;
			targetProxy = F4475C281FC6FB290065D701 /* PBXContainerItemProxy */;
		};
/* End PBXTargetDependency section */

/* Begin PBXVariantGroup section */
		F4475B9B1FC6F88F0065D701 /* Main.storyboard */ = {
			isa = PBXVariantGroup;
			children = (
				F4475B9C1FC6F88F0065D701 /* Base */,
			);
			name = Main.storyboard;
			sourceTree = "<group>";
		};
		F4475BA01FC6F88F0065D701 /* LaunchScreen.storyboard */ = {
			isa = PBXVariantGroup;
			children = (
				F4475BA11FC6F88F0065D701 /* Base */,
			);
			name = LaunchScreen.storyboard;
			sourceTree = "<group>";
		};
/* End PBXVariantGroup section */

/* Begin XCBuildConfiguration section */
		F4475BA41FC6F88F0065D701 /* Debug */ = {
			isa = XCBuildConfiguration;
			buildSettings = {
				ALWAYS_SEARCH_USER_PATHS = NO;
				CLANG_ANALYZER_NONNULL = YES;
				CLANG_ANALYZER_NUMBER_OBJECT_CONVERSION = YES_AGGRESSIVE;
				CLANG_CXX_LANGUAGE_STANDARD = "gnu++14";
				CLANG_CXX_LIBRARY = "libc++";
				CLANG_ENABLE_MODULES = YES;
				CLANG_ENABLE_OBJC_ARC = YES;
				CLANG_WARN_BLOCK_CAPTURE_AUTORELEASING = YES;
				CLANG_WARN_BOOL_CONVERSION = YES;
				CLANG_WARN_COMMA = YES;
				CLANG_WARN_CONSTANT_CONVERSION = YES;
				CLANG_WARN_DIRECT_OBJC_ISA_USAGE = YES_ERROR;
				CLANG_WARN_DOCUMENTATION_COMMENTS = YES;
				CLANG_WARN_EMPTY_BODY = YES;
				CLANG_WARN_ENUM_CONVERSION = YES;
				CLANG_WARN_INFINITE_RECURSION = YES;
				CLANG_WARN_INT_CONVERSION = YES;
				CLANG_WARN_NON_LITERAL_NULL_CONVERSION = YES;
				CLANG_WARN_OBJC_LITERAL_CONVERSION = YES;
				CLANG_WARN_OBJC_ROOT_CLASS = YES_ERROR;
				CLANG_WARN_RANGE_LOOP_ANALYSIS = YES;
				CLANG_WARN_STRICT_PROTOTYPES = YES;
				CLANG_WARN_SUSPICIOUS_MOVE = YES;
				CLANG_WARN_UNGUARDED_AVAILABILITY = YES_AGGRESSIVE;
				CLANG_WARN_UNREACHABLE_CODE = YES;
				CLANG_WARN__DUPLICATE_METHOD_MATCH = YES;
				CODE_SIGN_IDENTITY = "iPhone Developer";
				COPY_PHASE_STRIP = NO;
				DEBUG_INFORMATION_FORMAT = dwarf;
				ENABLE_STRICT_OBJC_MSGSEND = YES;
				ENABLE_TESTABILITY = YES;
				GCC_C_LANGUAGE_STANDARD = gnu11;
				GCC_DYNAMIC_NO_PIC = NO;
				GCC_NO_COMMON_BLOCKS = YES;
				GCC_OPTIMIZATION_LEVEL = 0;
				GCC_PREPROCESSOR_DEFINITIONS = (
					"DEBUG=1",
					"$(inherited)",
				);
				GCC_WARN_64_TO_32_BIT_CONVERSION = YES;
				GCC_WARN_ABOUT_RETURN_TYPE = YES_ERROR;
				GCC_WARN_UNDECLARED_SELECTOR = YES;
				GCC_WARN_UNINITIALIZED_AUTOS = YES_AGGRESSIVE;
				GCC_WARN_UNUSED_FUNCTION = YES;
				GCC_WARN_UNUSED_VARIABLE = YES;
				IPHONEOS_DEPLOYMENT_TARGET = 11.0;
				MTL_ENABLE_DEBUG_INFO = YES;
				ONLY_ACTIVE_ARCH = YES;
				SDKROOT = iphoneos;
				SWIFT_ACTIVE_COMPILATION_CONDITIONS = DEBUG;
				SWIFT_OPTIMIZATION_LEVEL = "-Onone";
			};
			name = Debug;
		};
		F4475BA51FC6F88F0065D701 /* Release */ = {
			isa = XCBuildConfiguration;
			buildSettings = {
				ALWAYS_SEARCH_USER_PATHS = NO;
				CLANG_ANALYZER_NONNULL = YES;
				CLANG_ANALYZER_NUMBER_OBJECT_CONVERSION = YES_AGGRESSIVE;
				CLANG_CXX_LANGUAGE_STANDARD = "gnu++14";
				CLANG_CXX_LIBRARY = "libc++";
				CLANG_ENABLE_MODULES = YES;
				CLANG_ENABLE_OBJC_ARC = YES;
				CLANG_WARN_BLOCK_CAPTURE_AUTORELEASING = YES;
				CLANG_WARN_BOOL_CONVERSION = YES;
				CLANG_WARN_COMMA = YES;
				CLANG_WARN_CONSTANT_CONVERSION = YES;
				CLANG_WARN_DIRECT_OBJC_ISA_USAGE = YES_ERROR;
				CLANG_WARN_DOCUMENTATION_COMMENTS = YES;
				CLANG_WARN_EMPTY_BODY = YES;
				CLANG_WARN_ENUM_CONVERSION = YES;
				CLANG_WARN_INFINITE_RECURSION = YES;
				CLANG_WARN_INT_CONVERSION = YES;
				CLANG_WARN_NON_LITERAL_NULL_CONVERSION = YES;
				CLANG_WARN_OBJC_LITERAL_CONVERSION = YES;
				CLANG_WARN_OBJC_ROOT_CLASS = YES_ERROR;
				CLANG_WARN_RANGE_LOOP_ANALYSIS = YES;
				CLANG_WARN_STRICT_PROTOTYPES = YES;
				CLANG_WARN_SUSPICIOUS_MOVE = YES;
				CLANG_WARN_UNGUARDED_AVAILABILITY = YES_AGGRESSIVE;
				CLANG_WARN_UNREACHABLE_CODE = YES;
				CLANG_WARN__DUPLICATE_METHOD_MATCH = YES;
				CODE_SIGN_IDENTITY = "iPhone Developer";
				COPY_PHASE_STRIP = NO;
				DEBUG_INFORMATION_FORMAT = "dwarf-with-dsym";
				ENABLE_NS_ASSERTIONS = NO;
				ENABLE_STRICT_OBJC_MSGSEND = YES;
				GCC_C_LANGUAGE_STANDARD = gnu11;
				GCC_NO_COMMON_BLOCKS = YES;
				GCC_WARN_64_TO_32_BIT_CONVERSION = YES;
				GCC_WARN_ABOUT_RETURN_TYPE = YES_ERROR;
				GCC_WARN_UNDECLARED_SELECTOR = YES;
				GCC_WARN_UNINITIALIZED_AUTOS = YES_AGGRESSIVE;
				GCC_WARN_UNUSED_FUNCTION = YES;
				GCC_WARN_UNUSED_VARIABLE = YES;
				IPHONEOS_DEPLOYMENT_TARGET = 11.0;
				MTL_ENABLE_DEBUG_INFO = NO;
				SDKROOT = iphoneos;
				SWIFT_OPTIMIZATION_LEVEL = "-Owholemodule";
				VALIDATE_PRODUCT = YES;
			};
			name = Release;
		};
		F4475BA71FC6F88F0065D701 /* Debug */ = {
			isa = XCBuildConfiguration;
			buildSettings = {
				ASSETCATALOG_COMPILER_APPICON_NAME = AppIcon;
				CODE_SIGN_STYLE = Automatic;
				DEVELOPMENT_TEAM = SG3KCU48ZD;
				INFOPLIST_FILE = AccessControlApp/Info.plist;
				LD_RUNPATH_SEARCH_PATHS = "$(inherited) @executable_path/Frameworks";
				PRODUCT_BUNDLE_IDENTIFIER = test.AccessControlApp;
				PRODUCT_NAME = "$(TARGET_NAME)";
				SWIFT_VERSION = 4.0;
				TARGETED_DEVICE_FAMILY = "1,2";
			};
			name = Debug;
		};
		F4475BA81FC6F88F0065D701 /* Release */ = {
			isa = XCBuildConfiguration;
			buildSettings = {
				ASSETCATALOG_COMPILER_APPICON_NAME = AppIcon;
				CODE_SIGN_STYLE = Automatic;
				DEVELOPMENT_TEAM = SG3KCU48ZD;
				INFOPLIST_FILE = AccessControlApp/Info.plist;
				LD_RUNPATH_SEARCH_PATHS = "$(inherited) @executable_path/Frameworks";
				PRODUCT_BUNDLE_IDENTIFIER = test.AccessControlApp;
				PRODUCT_NAME = "$(TARGET_NAME)";
				SWIFT_VERSION = 4.0;
				TARGETED_DEVICE_FAMILY = "1,2";
			};
			name = Release;
		};
/* End XCBuildConfiguration section */

/* Begin XCConfigurationList section */
		F4475B8F1FC6F88F0065D701 /* Build configuration list for PBXProject "AccessControlApp" */ = {
			isa = XCConfigurationList;
			buildConfigurations = (
				F4475BA41FC6F88F0065D701 /* Debug */,
				F4475BA51FC6F88F0065D701 /* Release */,
			);
			defaultConfigurationIsVisible = 0;
			defaultConfigurationName = Release;
		};
		F4475BA61FC6F88F0065D701 /* Build configuration list for PBXNativeTarget "AccessControlApp" */ = {
			isa = XCConfigurationList;
			buildConfigurations = (
				F4475BA71FC6F88F0065D701 /* Debug */,
				F4475BA81FC6F88F0065D701 /* Release */,
			);
			defaultConfigurationIsVisible = 0;
			defaultConfigurationName = Release;
		};
/* End XCConfigurationList section */
	};
	rootObject = F4475B8C1FC6F88F0065D701 /* Project object */;
}
